
Microsoft Visual Studio Solution File, Format Version 12.00
# Visual Studio Version 17
VisualStudioVersion = 17.9.34728.123
MinimumVisualStudioVersion = 10.0.40219.1
Project("{FAE04EC0-301F-11D3-BF4B-00C04F79EFBC}") = "SchoolManagementSystem", "SchoolManagementSystem.csproj", "{283EC0A9-17E5-4702-A045-2C96B3ADE5D2}"
EndProject
Global
	GlobalSection(SolutionConfigurationPlatforms) = preSolution
		Debug|Any CPU = Debug|Any CPU
		Release|Any CPU = Release|Any CPU
	EndGlobalSection
	GlobalSection(ProjectConfigurationPlatforms) = postSolution
		{283EC0A9-17E5-4702-A045-2C96B3ADE5D2}.Debug|Any CPU.ActiveCfg = Debug|Any CPU
		{283EC0A9-17E5-4702-A045-2C96B3ADE5D2}.Debug|Any CPU.Build.0 = Debug|Any CPU
		{283EC0A9-17E5-4702-A045-2C96B3ADE5D2}.Release|Any CPU.ActiveCfg = Release|Any CPU
		{283EC0A9-17E5-4702-A045-2C96B3ADE5D2}.Release|Any CPU.Build.0 = Release|Any CPU
	EndGlobalSection
	GlobalSection(SolutionProperties) = preSolution
		HideSolutionNode = FALSE
	EndGlobalSection
	GlobalSection(ExtensibilityGlobals) = postSolution
		SolutionGuid = {A4847036-2228-4C34-8B39-3EAA82E2438A}
	EndGlobalSection
EndGlobal
